
Microsoft Visual Studio Solution File, Format Version 12.00
# Visual Studio Version 17
VisualStudioVersion = 17.4.33205.214
MinimumVisualStudioVersion = 10.0.40219.1
Project("{FAE04EC0-301F-11D3-BF4B-00C04F79EFBC}") = "DepInjDemoMVC", "DepInjDemoMVC.csproj", "{58413E5C-50B4-4F92-933E-464BF3EE443D}"
EndProject
Global
	GlobalSection(SolutionConfigurationPlatforms) = preSolution
		Debug|Any CPU = Debug|Any CPU
		Release|Any CPU = Release|Any CPU
	EndGlobalSection
	GlobalSection(ProjectConfigurationPlatforms) = postSolution
		{58413E5C-50B4-4F92-933E-464BF3EE443D}.Debug|Any CPU.ActiveCfg = Debug|Any CPU
		{58413E5C-50B4-4F92-933E-464BF3EE443D}.Debug|Any CPU.Build.0 = Debug|Any CPU
		{58413E5C-50B4-4F92-933E-464BF3EE443D}.Release|Any CPU.ActiveCfg = Release|Any CPU
		{58413E5C-50B4-4F92-933E-464BF3EE443D}.Release|Any CPU.Build.0 = Release|Any CPU
	EndGlobalSection
	GlobalSection(SolutionProperties) = preSolution
		HideSolutionNode = FALSE
	EndGlobalSection
	GlobalSection(ExtensibilityGlobals) = postSolution
		SolutionGuid = {1C53F073-1AF1-4653-842C-B7E9A2DA3700}
	EndGlobalSection
EndGlobal
